
Microsoft Visual Studio Solution File, Format Version 12.00
# Visual Studio Version 17
VisualStudioVersion = 17.7.34024.191
MinimumVisualStudioVersion = 10.0.40219.1
Project("{FAE04EC0-301F-11D3-BF4B-00C04F79EFBC}") = "Day3", "Day3\Day3.csproj", "{B752E3E6-7855-4F8C-BFD7-DD911540BF8B}"
EndProject
Global
	GlobalSection(SolutionConfigurationPlatforms) = preSolution
		Debug|Any CPU = Debug|Any CPU
		Release|Any CPU = Release|Any CPU
	EndGlobalSection
	GlobalSection(ProjectConfigurationPlatforms) = postSolution
		{B752E3E6-7855-4F8C-BFD7-DD911540BF8B}.Debug|Any CPU.ActiveCfg = Debug|Any CPU
		{B752E3E6-7855-4F8C-BFD7-DD911540BF8B}.Debug|Any CPU.Build.0 = Debug|Any CPU
		{B752E3E6-7855-4F8C-BFD7-DD911540BF8B}.Release|Any CPU.ActiveCfg = Release|Any CPU
		{B752E3E6-7855-4F8C-BFD7-DD911540BF8B}.Release|Any CPU.Build.0 = Release|Any CPU
	EndGlobalSection
	GlobalSection(SolutionProperties) = preSolution
		HideSolutionNode = FALSE
	EndGlobalSection
	GlobalSection(ExtensibilityGlobals) = postSolution
		SolutionGuid = {2666B581-6237-44A2-94AE-7BB0E0473724}
	EndGlobalSection
EndGlobal
